
Microsoft Visual Studio Solution File, Format Version 12.00
# Visual Studio Version 16
VisualStudioVersion = 16.0.32106.194
MinimumVisualStudioVersion = 10.0.40219.1
Project("{FAE04EC0-301F-11D3-BF4B-00C04F79EFBC}") = "PrimeGenerator", "PrimeGenerator\PrimeGenerator.csproj", "{5D754110-BC29-4E7B-B252-9E21A116DA65}"
EndProject
Project("{FAE04EC0-301F-11D3-BF4B-00C04F79EFBC}") = "BowlingGame", "BowlingGame\BowlingGame.csproj", "{7E1CE96C-F471-41CE-A3E5-D76B681D463A}"
EndProject
Project("{FAE04EC0-301F-11D3-BF4B-00C04F79EFBC}") = "BowlingGameTest", "BowlingGameTest\BowlingGameTest.csproj", "{90A7F021-405B-491A-8F44-BE218FDE4A08}"
EndProject
Global
	GlobalSection(SolutionConfigurationPlatforms) = preSolution
		Debug|Any CPU = Debug|Any CPU
		Release|Any CPU = Release|Any CPU
	EndGlobalSection
	GlobalSection(ProjectConfigurationPlatforms) = postSolution
		{5D754110-BC29-4E7B-B252-9E21A116DA65}.Debug|Any CPU.ActiveCfg = Debug|Any CPU
		{5D754110-BC29-4E7B-B252-9E21A116DA65}.Debug|Any CPU.Build.0 = Debug|Any CPU
		{5D754110-BC29-4E7B-B252-9E21A116DA65}.Release|Any CPU.ActiveCfg = Release|Any CPU
		{5D754110-BC29-4E7B-B252-9E21A116DA65}.Release|Any CPU.Build.0 = Release|Any CPU
		{7E1CE96C-F471-41CE-A3E5-D76B681D463A}.Debug|Any CPU.ActiveCfg = Debug|Any CPU
		{7E1CE96C-F471-41CE-A3E5-D76B681D463A}.Debug|Any CPU.Build.0 = Debug|Any CPU
		{7E1CE96C-F471-41CE-A3E5-D76B681D463A}.Release|Any CPU.ActiveCfg = Release|Any CPU
		{7E1CE96C-F471-41CE-A3E5-D76B681D463A}.Release|Any CPU.Build.0 = Release|Any CPU
		{90A7F021-405B-491A-8F44-BE218FDE4A08}.Debug|Any CPU.ActiveCfg = Debug|Any CPU
		{90A7F021-405B-491A-8F44-BE218FDE4A08}.Debug|Any CPU.Build.0 = Debug|Any CPU
		{90A7F021-405B-491A-8F44-BE218FDE4A08}.Release|Any CPU.ActiveCfg = Release|Any CPU
		{90A7F021-405B-491A-8F44-BE218FDE4A08}.Release|Any CPU.Build.0 = Release|Any CPU
	EndGlobalSection
	GlobalSection(SolutionProperties) = preSolution
		HideSolutionNode = FALSE
	EndGlobalSection
	GlobalSection(ExtensibilityGlobals) = postSolution
		SolutionGuid = {B665F3C9-D95D-4277-B673-26D8CBB9C15D}
	EndGlobalSection
EndGlobal
