
Microsoft Visual Studio Solution File, Format Version 12.00
# Visual Studio Version 16
VisualStudioVersion = 16.0.31129.286
MinimumVisualStudioVersion = 10.0.40219.1
Project("{FAE04EC0-301F-11D3-BF4B-00C04F79EFBC}") = "UnitAdapter", "ToUnitMetricAdapter\UnitAdapter.csproj", "{281CBF75-A754-44F0-944A-6A654A93A646}"
EndProject
Global
	GlobalSection(SolutionConfigurationPlatforms) = preSolution
		Debug|Any CPU = Debug|Any CPU
		Release|Any CPU = Release|Any CPU
	EndGlobalSection
	GlobalSection(ProjectConfigurationPlatforms) = postSolution
		{281CBF75-A754-44F0-944A-6A654A93A646}.Debug|Any CPU.ActiveCfg = Debug|Any CPU
		{281CBF75-A754-44F0-944A-6A654A93A646}.Debug|Any CPU.Build.0 = Debug|Any CPU
		{281CBF75-A754-44F0-944A-6A654A93A646}.Release|Any CPU.ActiveCfg = Release|Any CPU
		{281CBF75-A754-44F0-944A-6A654A93A646}.Release|Any CPU.Build.0 = Release|Any CPU
	EndGlobalSection
	GlobalSection(SolutionProperties) = preSolution
		HideSolutionNode = FALSE
	EndGlobalSection
	GlobalSection(ExtensibilityGlobals) = postSolution
		SolutionGuid = {D5AC1D75-CBB0-44C7-9FC4-F1994429D0D3}
	EndGlobalSection
EndGlobal
